// !$*UTF8*$!
{
	archiveVersion = 1;
	classes = {
	};
	objectVersion = 46;
	objects = {

/* Begin PBXBuildFile section */
		9EC268F91C3BE01100B1815E /* 1.jpg in Resources */ = {isa = PBXBuildFile; fileRef = 9EC268F81C3BE01100B1815E /* 1.jpg */; };
		9EC268FB1C3BE0CB00B1815E /* 2.png in Resources */ = {isa = PBXBuildFile; fileRef = 9EC268FA1C3BE0CB00B1815E /* 2.png */; };
		9EC268FD1C3BE11900B1815E /* 3.jpg in Resources */ = {isa = PBXBuildFile; fileRef = 9EC268FC1C3BE11900B1815E /* 3.jpg */; };
		9EFA009E1C328D03007FCDBD /* FirstTableViewController.m in Sources */ = {isa = PBXBuildFile; fileRef = 9EFA009D1C328D03007FCDBD /* FirstTableViewController.m */; };
		9EFA00A11C328D4D007FCDBD /* SecondViewController.m in Sources */ = {isa = PBXBuildFile; fileRef = 9EFA00A01C328D4D007FCDBD /* SecondViewController.m */; };
		9EFA00A41C3294E9007FCDBD /* Data.m in Sources */ = {isa = PBXBuildFile; fileRef = 9EFA00A31C3294E9007FCDBD /* Data.m */; };
		9EFA00B01C32BEE7007FCDBD /* CustomTableViewCell.m in Sources */ = {isa = PBXBuildFile; fileRef = 9EFA00AF1C32BEE7007FCDBD /* CustomTableViewCell.m */; };
		AAC91FE41BF524F50084DD9A /* main.m in Sources */ = {isa = PBXBuildFile; fileRef = AAC91FE31BF524F50084DD9A /* main.m */; };
		AAC91FE71BF524F50084DD9A /* AppDelegate.m in Sources */ = {isa = PBXBuildFile; fileRef = AAC91FE61BF524F50084DD9A /* AppDelegate.m */; };
		AAC91FED1BF524F50084DD9A /* Main.storyboard in Resources */ = {isa = PBXBuildFile; fileRef = AAC91FEB1BF524F50084DD9A /* Main.storyboard */; };
		AAC91FEF1BF524F50084DD9A /* Assets.xcassets in Resources */ = {isa = PBXBuildFile; fileRef = AAC91FEE1BF524F50084DD9A /* Assets.xcassets */; };
		AAC91FF21BF524F50084DD9A /* LaunchScreen.storyboard in Resources */ = {isa = PBXBuildFile; fileRef = AAC91FF01BF524F50084DD9A /* LaunchScreen.storyboard */; };
/* End PBXBuildFile section */

/* Begin PBXFileReference section */
		9EC268F81C3BE01100B1815E /* 1.jpg */ = {isa = PBXFileReference; lastKnownFileType = image.jpeg; path = 1.jpg; sourceTree = "<group>"; };
		9EC268FA1C3BE0CB00B1815E /* 2.png */ = {isa = PBXFileReference; lastKnownFileType = image.png; path = 2.png; sourceTree = "<group>"; };
		9EC268FC1C3BE11900B1815E /* 3.jpg */ = {isa = PBXFileReference; lastKnownFileType = image.jpeg; path = 3.jpg; sourceTree = "<group>"; };
		9EFA009C1C328D03007FCDBD /* FirstTableViewController.h */ = {isa = PBXFileReference; fileEncoding = 4; lastKnownFileType = sourcecode.c.h; path = FirstTableViewController.h; sourceTree = "<group>"; };
		9EFA009D1C328D03007FCDBD /* FirstTableViewController.m */ = {isa = PBXFileReference; fileEncoding = 4; lastKnownFileType = sourcecode.c.objc; path = FirstTableViewController.m; sourceTree = "<group>"; };
		9EFA009F1C328D4D007FCDBD /* SecondViewController.h */ = {isa = PBXFileReference; fileEncoding = 4; lastKnownFileType = sourcecode.c.h; path = SecondViewController.h; sourceTree = "<group>"; };
		9EFA00A01C328D4D007FCDBD /* SecondViewController.m */ = {isa = PBXFileReference; fileEncoding = 4; lastKnownFileType = sourcecode.c.objc; path = SecondViewController.m; sourceTree = "<group>"; };
		9EFA00A21C3294E9007FCDBD /* Data.h */ = {isa = PBXFileReference; fileEncoding = 4; lastKnownFileType = sourcecode.c.h; path = Data.h; sourceTree = "<group>"; };
		9EFA00A31C3294E9007FCDBD /* Data.m */ = {isa = PBXFileReference; fileEncoding = 4; lastKnownFileType = sourcecode.c.objc; path = Data.m; sourceTree = "<group>"; };
		9EFA00AE1C32BEE7007FCDBD /* CustomTableViewCell.h */ = {isa = PBXFileReference; fileEncoding = 4; lastKnownFileType = sourcecode.c.h; path = CustomTableViewCell.h; sourceTree = "<group>"; };
		9EFA00AF1C32BEE7007FCDBD /* CustomTableViewCell.m */ = {isa = PBXFileReference; fileEncoding = 4; lastKnownFileType = sourcecode.c.objc; path = CustomTableViewCell.m; sourceTree = "<group>"; };
		AAC91FDF1BF524F50084DD9A /* Lesson11.app */ = {isa = PBXFileReference; explicitFileType = wrapper.application; includeInIndex = 0; path = Lesson11.app; sourceTree = BUILT_PRODUCTS_DIR; };
		AAC91FE31BF524F50084DD9A /* main.m */ = {isa = PBXFileReference; lastKnownFileType = sourcecode.c.objc; path = main.m; sourceTree = "<group>"; };
		AAC91FE51BF524F50084DD9A /* AppDelegate.h */ = {isa = PBXFileReference; lastKnownFileType = sourcecode.c.h; path = AppDelegate.h; sourceTree = "<group>"; };
		AAC91FE61BF524F50084DD9A /* AppDelegate.m */ = {isa = PBXFileReference; lastKnownFileType = sourcecode.c.objc; path = AppDelegate.m; sourceTree = "<group>"; };
		AAC91FEC1BF524F50084DD9A /* Base */ = {isa = PBXFileReference; lastKnownFileType = file.storyboard; name = Base; path = Base.lproj/Main.storyboard; sourceTree = "<group>"; };
		AAC91FEE1BF524F50084DD9A /* Assets.xcassets */ = {isa = PBXFileReference; lastKnownFileType = folder.assetcatalog; path = Assets.xcassets; sourceTree = "<group>"; };
		AAC91FF11BF524F50084DD9A /* Base */ = {isa = PBXFileReference; lastKnownFileType = file.storyboard; name = Base; path = Base.lproj/LaunchScreen.storyboard; sourceTree = "<group>"; };
		AAC91FF31BF524F50084DD9A /* Info.plist */ = {isa = PBXFileReference; lastKnownFileType = text.plist.xml; path = Info.plist; sourceTree = "<group>"; };
/* End PBXFileReference section */

/* Begin PBXFrameworksBuildPhase section */
		AAC91FDC1BF524F50084DD9A /* Frameworks */ = {
			isa = PBXFrameworksBuildPhase;
			buildActionMask = 2147483647;
			files = (
			);
			runOnlyForDeploymentPostprocessing = 0;
		};
/* End PBXFrameworksBuildPhase section */

/* Begin PBXGroup section */
		AAC91FD61BF524F50084DD9A = {
			isa = PBXGroup;
			children = (
				AAC91FE11BF524F50084DD9A /* Lesson11 */,
				AAC91FE01BF524F50084DD9A /* Products */,
			);
			sourceTree = "<group>";
		};
		AAC91FE01BF524F50084DD9A /* Products */ = {
			isa = PBXGroup;
			children = (
				AAC91FDF1BF524F50084DD9A /* Lesson11.app */,
			);
			name = Products;
			sourceTree = "<group>";
		};
		AAC91FE11BF524F50084DD9A /* Lesson11 */ = {
			isa = PBXGroup;
			children = (
				9EFA009C1C328D03007FCDBD /* FirstTableViewController.h */,
				9EFA009D1C328D03007FCDBD /* FirstTableViewController.m */,
				9EFA009F1C328D4D007FCDBD /* SecondViewController.h */,
				9EFA00A01C328D4D007FCDBD /* SecondViewController.m */,
				AAC91FE51BF524F50084DD9A /* AppDelegate.h */,
				AAC91FE61BF524F50084DD9A /* AppDelegate.m */,
				AAC91FEB1BF524F50084DD9A /* Main.storyboard */,
				AAC91FEE1BF524F50084DD9A /* Assets.xcassets */,
				AAC91FF01BF524F50084DD9A /* LaunchScreen.storyboard */,
				AAC91FF31BF524F50084DD9A /* Info.plist */,
				AAC91FE21BF524F50084DD9A /* Supporting Files */,
				9EFA00A21C3294E9007FCDBD /* Data.h */,
				9EFA00A31C3294E9007FCDBD /* Data.m */,
				9EFA00AE1C32BEE7007FCDBD /* CustomTableViewCell.h */,
				9EFA00AF1C32BEE7007FCDBD /* CustomTableViewCell.m */,
			);
			path = Lesson11;
			sourceTree = "<group>";
		};
		AAC91FE21BF524F50084DD9A /* Supporting Files */ = {
			isa = PBXGroup;
			children = (
				9EC268FC1C3BE11900B1815E /* 3.jpg */,
				9EC268FA1C3BE0CB00B1815E /* 2.png */,
				9EC268F81C3BE01100B1815E /* 1.jpg */,
				AAC91FE31BF524F50084DD9A /* main.m */,
			);
			name = "Supporting Files";
			sourceTree = "<group>";
		};
/* End PBXGroup section */

/* Begin PBXNativeTarget section */
		AAC91FDE1BF524F50084DD9A /* Lesson11 */ = {
			isa = PBXNativeTarget;
			buildConfigurationList = AAC91FF61BF524F50084DD9A /* Build configuration list for PBXNativeTarget "Lesson11" */;
			buildPhases = (
				AAC91FDB1BF524F50084DD9A /* Sources */,
				AAC91FDC1BF524F50084DD9A /* Frameworks */,
				AAC91FDD1BF524F50084DD9A /* Resources */,
			);
			buildRules = (
			);
			dependencies = (
			);
			name = Lesson11;
			productName = Lesson11;
			productReference = AAC91FDF1BF524F50084DD9A /* Lesson11.app */;
			productType = "com.apple.product-type.application";
		};
/* End PBXNativeTarget section */

/* Begin PBXProject section */
		AAC91FD71BF524F50084DD9A /* Project object */ = {
			isa = PBXProject;
			attributes = {
				LastUpgradeCheck = 0710;
				ORGANIZATIONNAME = "Azat Almeev";
				TargetAttributes = {
					AAC91FDE1BF524F50084DD9A = {
						CreatedOnToolsVersion = 7.1;
					};
				};
			};
			buildConfigurationList = AAC91FDA1BF524F50084DD9A /* Build configuration list for PBXProject "Lesson11" */;
			compatibilityVersion = "Xcode 3.2";
			developmentRegion = English;
			hasScannedForEncodings = 0;
			knownRegions = (
				en,
				Base,
			);
			mainGroup = AAC91FD61BF524F50084DD9A;
			productRefGroup = AAC91FE01BF524F50084DD9A /* Products */;
			projectDirPath = "";
			projectRoot = "";
			targets = (
				AAC91FDE1BF524F50084DD9A /* Lesson11 */,
			);
		};
/* End PBXProject section */

/* Begin PBXResourcesBuildPhase section */
		AAC91FDD1BF524F50084DD9A /* Resources */ = {
			isa = PBXResourcesBuildPhase;
			buildActionMask = 2147483647;
			files = (
				AAC91FF21BF524F50084DD9A /* LaunchScreen.storyboard in Resources */,
				9EC268F91C3BE01100B1815E /* 1.jpg in Resources */,
				9EC268FB1C3BE0CB00B1815E /* 2.png in Resources */,
				AAC91FEF1BF524F50084DD9A /* Assets.xcassets in Resources */,
				9EC268FD1C3BE11900B1815E /* 3.jpg in Resources */,
				AAC91FED1BF524F50084DD9A /* Main.storyboard in Resources */,
			);
			runOnlyForDeploymentPostprocessing = 0;
		};
/* End PBXResourcesBuildPhase section */

/* Begin PBXSourcesBuildPhase section */
		AAC91FDB1BF524F50084DD9A /* Sources */ = {
			isa = PBXSourcesBuildPhase;
			buildActionMask = 2147483647;
			files = (
				9EFA00A11C328D4D007FCDBD /* SecondViewController.m in Sources */,
				9EFA009E1C328D03007FCDBD /* FirstTableViewController.m in Sources */,
				9EFA00B01C32BEE7007FCDBD /* CustomTableViewCell.m in Sources */,
				AAC91FE71BF524F50084DD9A /* AppDelegate.m in Sources */,
				AAC91FE41BF524F50084DD9A /* main.m in Sources */,
				9EFA00A41C3294E9007FCDBD /* Data.m in Sources */,
			);
			runOnlyForDeploymentPostprocessing = 0;
		};
/* End PBXSourcesBuildPhase section */

/* Begin PBXVariantGroup section */
		AAC91FEB1BF524F50084DD9A /* Main.storyboard */ = {
			isa = PBXVariantGroup;
			children = (
				AAC91FEC1BF524F50084DD9A /* Base */,
			);
			name = Main.storyboard;
			sourceTree = "<group>";
		};
		AAC91FF01BF524F50084DD9A /* LaunchScreen.storyboard */ = {
			isa = PBXVariantGroup;
			children = (
				AAC91FF11BF524F50084DD9A /* Base */,
			);
			name = LaunchScreen.storyboard;
			sourceTree = "<group>";
		};
/* End PBXVariantGroup section */

/* Begin XCBuildConfiguration section */
		AAC91FF41BF524F50084DD9A /* Debug */ = {
			isa = XCBuildConfiguration;
			buildSettings = {
				ALWAYS_SEARCH_USER_PATHS = NO;
				CLANG_CXX_LANGUAGE_STANDARD = "gnu++0x";
				CLANG_CXX_LIBRARY = "libc++";
				CLANG_ENABLE_MODULES = YES;
				CLANG_ENABLE_OBJC_ARC = YES;
				CLANG_WARN_BOOL_CONVERSION = YES;
				CLANG_WARN_CONSTANT_CONVERSION = YES;
				CLANG_WARN_DIRECT_OBJC_ISA_USAGE = YES_ERROR;
				CLANG_WARN_EMPTY_BODY = YES;
				CLANG_WARN_ENUM_CONVERSION = YES;
				CLANG_WARN_INT_CONVERSION = YES;
				CLANG_WARN_OBJC_ROOT_CLASS = YES_ERROR;
				CLANG_WARN_UNREACHABLE_CODE = YES;
				CLANG_WARN__DUPLICATE_METHOD_MATCH = YES;
				"CODE_SIGN_IDENTITY[sdk=iphoneos*]" = "iPhone Developer";
				COPY_PHASE_STRIP = NO;
				DEBUG_INFORMATION_FORMAT = dwarf;
				ENABLE_STRICT_OBJC_MSGSEND = YES;
				ENABLE_TESTABILITY = YES;
				GCC_C_LANGUAGE_STANDARD = gnu99;
				GCC_DYNAMIC_NO_PIC = NO;
				GCC_NO_COMMON_BLOCKS = YES;
				GCC_OPTIMIZATION_LEVEL = 0;
				GCC_PREPROCESSOR_DEFINITIONS = (
					"DEBUG=1",
					"$(inherited)",
				);
				GCC_WARN_64_TO_32_BIT_CONVERSION = YES;
				GCC_WARN_ABOUT_RETURN_TYPE = YES_ERROR;
				GCC_WARN_UNDECLARED_SELECTOR = YES;
				GCC_WARN_UNINITIALIZED_AUTOS = YES_AGGRESSIVE;
				GCC_WARN_UNUSED_FUNCTION = YES;
				GCC_WARN_UNUSED_VARIABLE = YES;
				IPHONEOS_DEPLOYMENT_TARGET = 9.1;
				MTL_ENABLE_DEBUG_INFO = YES;
				ONLY_ACTIVE_ARCH = YES;
				SDKROOT = iphoneos;
				TARGETED_DEVICE_FAMILY = "1,2";
			};
			name = Debug;
		};
		AAC91FF51BF524F50084DD9A /* Release */ = {
			isa = XCBuildConfiguration;
			buildSettings = {
				ALWAYS_SEARCH_USER_PATHS = NO;
				CLANG_CXX_LANGUAGE_STANDARD = "gnu++0x";
				CLANG_CXX_LIBRARY = "libc++";
				CLANG_ENABLE_MODULES = YES;
				CLANG_ENABLE_OBJC_ARC = YES;
				CLANG_WARN_BOOL_CONVERSION = YES;
				CLANG_WARN_CONSTANT_CONVERSION = YES;
				CLANG_WARN_DIRECT_OBJC_ISA_USAGE = YES_ERROR;
				CLANG_WARN_EMPTY_BODY = YES;
				CLANG_WARN_ENUM_CONVERSION = YES;
				CLANG_WARN_INT_CONVERSION = YES;
				CLANG_WARN_OBJC_ROOT_CLASS = YES_ERROR;
				CLANG_WARN_UNREACHABLE_CODE = YES;
				CLANG_WARN__DUPLICATE_METHOD_MATCH = YES;
				"CODE_SIGN_IDENTITY[sdk=iphoneos*]" = "iPhone Developer";
				COPY_PHASE_STRIP = NO;
				DEBUG_INFORMATION_FORMAT = "dwarf-with-dsym";
				ENABLE_NS_ASSERTIONS = NO;
				ENABLE_STRICT_OBJC_MSGSEND = YES;
				GCC_C_LANGUAGE_STANDARD = gnu99;
				GCC_NO_COMMON_BLOCKS = YES;
				GCC_WARN_64_TO_32_BIT_CONVERSION = YES;
				GCC_WARN_ABOUT_RETURN_TYPE = YES_ERROR;
				GCC_WARN_UNDECLARED_SELECTOR = YES;
				GCC_WARN_UNINITIALIZED_AUTOS = YES_AGGRESSIVE;
				GCC_WARN_UNUSED_FUNCTION = YES;
				GCC_WARN_UNUSED_VARIABLE = YES;
				IPHONEOS_DEPLOYMENT_TARGET = 9.1;
				MTL_ENABLE_DEBUG_INFO = NO;
				SDKROOT = iphoneos;
				TARGETED_DEVICE_FAMILY = "1,2";
				VALIDATE_PRODUCT = YES;
			};
			name = Release;
		};
		AAC91FF71BF524F50084DD9A /* Debug */ = {
			isa = XCBuildConfiguration;
			buildSettings = {
				ASSETCATALOG_COMPILER_APPICON_NAME = AppIcon;
				INFOPLIST_FILE = Lesson11/Info.plist;
				LD_RUNPATH_SEARCH_PATHS = "$(inherited) @executable_path/Frameworks";
				PRODUCT_BUNDLE_IDENTIFIER = ru.azatalmeev.Lesson11;
				PRODUCT_NAME = "$(TARGET_NAME)";
			};
			name = Debug;
		};
		AAC91FF81BF524F50084DD9A /* Release */ = {
			isa = XCBuildConfiguration;
			buildSettings = {
				ASSETCATALOG_COMPILER_APPICON_NAME = AppIcon;
				INFOPLIST_FILE = Lesson11/Info.plist;
				LD_RUNPATH_SEARCH_PATHS = "$(inherited) @executable_path/Frameworks";
				PRODUCT_BUNDLE_IDENTIFIER = ru.azatalmeev.Lesson11;
				PRODUCT_NAME = "$(TARGET_NAME)";
			};
			name = Release;
		};
/* End XCBuildConfiguration section */

/* Begin XCConfigurationList section */
		AAC91FDA1BF524F50084DD9A /* Build configuration list for PBXProject "Lesson11" */ = {
			isa = XCConfigurationList;
			buildConfigurations = (
				AAC91FF41BF524F50084DD9A /* Debug */,
				AAC91FF51BF524F50084DD9A /* Release */,
			);
			defaultConfigurationIsVisible = 0;
			defaultConfigurationName = Release;
		};
		AAC91FF61BF524F50084DD9A /* Build configuration list for PBXNativeTarget "Lesson11" */ = {
			isa = XCConfigurationList;
			buildConfigurations = (
				AAC91FF71BF524F50084DD9A /* Debug */,
				AAC91FF81BF524F50084DD9A /* Release */,
			);
			defaultConfigurationIsVisible = 0;
			defaultConfigurationName = Release;
		};
/* End XCConfigurationList section */
	};
	rootObject = AAC91FD71BF524F50084DD9A /* Project object */;
}
